
Microsoft Visual Studio Solution File, Format Version 12.00
# Visual Studio 14
VisualStudioVersion = 14.0.25420.1
MinimumVisualStudioVersion = 10.0.40219.1
Project("{FAE04EC0-301F-11D3-BF4B-00C04F79EFBC}") = "WcfCalculatorClient", "WcfCalculatorClient\WcfCalculatorClient.csproj", "{D030602C-AE9B-44A8-80DD-9DD9506CC544}"
	ProjectSection(ProjectDependencies) = postProject
		{709F363D-736A-4FFA-8E59-33A5DA262985} = {709F363D-736A-4FFA-8E59-33A5DA262985}
	EndProjectSection
EndProject
Project("{FAE04EC0-301F-11D3-BF4B-00C04F79EFBC}") = "WcfCalculatorService", "D:\AOKT\MPP.Calculator-master\WcfCalculatorService\WcfCalculatorService\WcfCalculatorService.csproj", "{709F363D-736A-4FFA-8E59-33A5DA262985}"
EndProject
Global
	GlobalSection(SolutionConfigurationPlatforms) = preSolution
		Debug|Any CPU = Debug|Any CPU
		Release|Any CPU = Release|Any CPU
	EndGlobalSection
	GlobalSection(ProjectConfigurationPlatforms) = postSolution
		{D030602C-AE9B-44A8-80DD-9DD9506CC544}.Debug|Any CPU.ActiveCfg = Debug|Any CPU
		{D030602C-AE9B-44A8-80DD-9DD9506CC544}.Debug|Any CPU.Build.0 = Debug|Any CPU
		{D030602C-AE9B-44A8-80DD-9DD9506CC544}.Release|Any CPU.ActiveCfg = Release|Any CPU
		{D030602C-AE9B-44A8-80DD-9DD9506CC544}.Release|Any CPU.Build.0 = Release|Any CPU
		{709F363D-736A-4FFA-8E59-33A5DA262985}.Debug|Any CPU.ActiveCfg = Debug|Any CPU
		{709F363D-736A-4FFA-8E59-33A5DA262985}.Debug|Any CPU.Build.0 = Debug|Any CPU
		{709F363D-736A-4FFA-8E59-33A5DA262985}.Release|Any CPU.ActiveCfg = Release|Any CPU
		{709F363D-736A-4FFA-8E59-33A5DA262985}.Release|Any CPU.Build.0 = Release|Any CPU
	EndGlobalSection
	GlobalSection(SolutionProperties) = preSolution
		HideSolutionNode = FALSE
	EndGlobalSection
EndGlobal
